
Microsoft Visual Studio Solution File, Format Version 12.00
# Visual Studio Version 17
VisualStudioVersion = 17.9.34728.123
MinimumVisualStudioVersion = 10.0.40219.1
Project("{FAE04EC0-301F-11D3-BF4B-00C04F79EFBC}") = "Ispit.Model", "Ispit.Model.csproj", "{ECF9B189-F0B1-486B-821C-D1BAF592B50C}"
EndProject
Global
	GlobalSection(SolutionConfigurationPlatforms) = preSolution
		Debug|Any CPU = Debug|Any CPU
		Release|Any CPU = Release|Any CPU
	EndGlobalSection
	GlobalSection(ProjectConfigurationPlatforms) = postSolution
		{ECF9B189-F0B1-486B-821C-D1BAF592B50C}.Debug|Any CPU.ActiveCfg = Debug|Any CPU
		{ECF9B189-F0B1-486B-821C-D1BAF592B50C}.Debug|Any CPU.Build.0 = Debug|Any CPU
		{ECF9B189-F0B1-486B-821C-D1BAF592B50C}.Release|Any CPU.ActiveCfg = Release|Any CPU
		{ECF9B189-F0B1-486B-821C-D1BAF592B50C}.Release|Any CPU.Build.0 = Release|Any CPU
	EndGlobalSection
	GlobalSection(SolutionProperties) = preSolution
		HideSolutionNode = FALSE
	EndGlobalSection
	GlobalSection(ExtensibilityGlobals) = postSolution
		SolutionGuid = {A845B11C-6925-48DD-8E3E-D41C9CFFF900}
	EndGlobalSection
EndGlobal
